
Microsoft Visual Studio Solution File, Format Version 12.00
# Visual Studio Version 17
VisualStudioVersion = 17.2.32616.157
MinimumVisualStudioVersion = 10.0.40219.1
Project("{FAE04EC0-301F-11D3-BF4B-00C04F79EFBC}") = "NoobProject", "NoobProject\NoobProject.csproj", "{ED378858-C5E3-4D60-8687-C118F5C3173F}"
EndProject
Global
	GlobalSection(SolutionConfigurationPlatforms) = preSolution
		Debug|Any CPU = Debug|Any CPU
		Release|Any CPU = Release|Any CPU
	EndGlobalSection
	GlobalSection(ProjectConfigurationPlatforms) = postSolution
		{ED378858-C5E3-4D60-8687-C118F5C3173F}.Debug|Any CPU.ActiveCfg = Debug|Any CPU
		{ED378858-C5E3-4D60-8687-C118F5C3173F}.Debug|Any CPU.Build.0 = Debug|Any CPU
		{ED378858-C5E3-4D60-8687-C118F5C3173F}.Release|Any CPU.ActiveCfg = Release|Any CPU
		{ED378858-C5E3-4D60-8687-C118F5C3173F}.Release|Any CPU.Build.0 = Release|Any CPU
	EndGlobalSection
	GlobalSection(SolutionProperties) = preSolution
		HideSolutionNode = FALSE
	EndGlobalSection
	GlobalSection(ExtensibilityGlobals) = postSolution
		SolutionGuid = {459B9258-2420-4507-B9C6-15D2FAC3E36D}
	EndGlobalSection
EndGlobal
